
Microsoft Visual Studio Solution File, Format Version 12.00
# Visual Studio Version 16
VisualStudioVersion = 16.0.30204.135
MinimumVisualStudioVersion = 10.0.40219.1
Project("{8BC9CEB8-8B4A-11D0-8D11-00A0C91BC942}") = "Server", "Server\Server.vcxproj", "{EC6618E0-E53B-4D6C-A42B-4466BAB42577}"
EndProject
Project("{9A19103F-16F7-4668-BE54-9A1E7A4F7556}") = "Sanitizer", "Sanitizer\Sanitizer.csproj", "{0BF88245-C3FB-4EEB-A412-C03A467CB53D}"
EndProject
Project("{8BC9CEB8-8B4A-11D0-8D11-00A0C91BC942}") = "LinuxServer", "LinuxServer\LinuxServer.vcxproj", "{CE29DB60-559A-4F83-AD32-BDFAC41F2110}"
EndProject
Global
	GlobalSection(SolutionConfigurationPlatforms) = preSolution
		CLR|Any CPU = CLR|Any CPU
		CLR|ARM = CLR|ARM
		CLR|ARM64 = CLR|ARM64
		CLR|x64 = CLR|x64
		CLR|x86 = CLR|x86
		Debug|Any CPU = Debug|Any CPU
		Debug|ARM = Debug|ARM
		Debug|ARM64 = Debug|ARM64
		Debug|x64 = Debug|x64
		Debug|x86 = Debug|x86
		Linux|Any CPU = Linux|Any CPU
		Linux|ARM = Linux|ARM
		Linux|ARM64 = Linux|ARM64
		Linux|x64 = Linux|x64
		Linux|x86 = Linux|x86
		Release|Any CPU = Release|Any CPU
		Release|ARM = Release|ARM
		Release|ARM64 = Release|ARM64
		Release|x64 = Release|x64
		Release|x86 = Release|x86
	EndGlobalSection
	GlobalSection(ProjectConfigurationPlatforms) = postSolution
		{EC6618E0-E53B-4D6C-A42B-4466BAB42577}.CLR|Any CPU.ActiveCfg = CLR|Win32
		{EC6618E0-E53B-4D6C-A42B-4466BAB42577}.CLR|ARM.ActiveCfg = CLR|Win32
		{EC6618E0-E53B-4D6C-A42B-4466BAB42577}.CLR|ARM64.ActiveCfg = CLR|Win32
		{EC6618E0-E53B-4D6C-A42B-4466BAB42577}.CLR|x64.ActiveCfg = CLR|x64
		{EC6618E0-E53B-4D6C-A42B-4466BAB42577}.CLR|x64.Build.0 = CLR|x64
		{EC6618E0-E53B-4D6C-A42B-4466BAB42577}.CLR|x86.ActiveCfg = CLR|Win32
		{EC6618E0-E53B-4D6C-A42B-4466BAB42577}.CLR|x86.Build.0 = CLR|Win32
		{EC6618E0-E53B-4D6C-A42B-4466BAB42577}.Debug|Any CPU.ActiveCfg = Debug|Win32
		{EC6618E0-E53B-4D6C-A42B-4466BAB42577}.Debug|ARM.ActiveCfg = Debug|Win32
		{EC6618E0-E53B-4D6C-A42B-4466BAB42577}.Debug|ARM64.ActiveCfg = Debug|Win32
		{EC6618E0-E53B-4D6C-A42B-4466BAB42577}.Debug|x64.ActiveCfg = Debug|x64
		{EC6618E0-E53B-4D6C-A42B-4466BAB42577}.Debug|x64.Build.0 = Debug|x64
		{EC6618E0-E53B-4D6C-A42B-4466BAB42577}.Debug|x86.ActiveCfg = Debug|Win32
		{EC6618E0-E53B-4D6C-A42B-4466BAB42577}.Debug|x86.Build.0 = Debug|Win32
		{EC6618E0-E53B-4D6C-A42B-4466BAB42577}.Linux|Any CPU.ActiveCfg = Linux|Win32
		{EC6618E0-E53B-4D6C-A42B-4466BAB42577}.Linux|ARM.ActiveCfg = Linux|Win32
		{EC6618E0-E53B-4D6C-A42B-4466BAB42577}.Linux|ARM64.ActiveCfg = Linux|Win32
		{EC6618E0-E53B-4D6C-A42B-4466BAB42577}.Linux|x64.ActiveCfg = Linux|x64
		{EC6618E0-E53B-4D6C-A42B-4466BAB42577}.Linux|x64.Build.0 = Linux|x64
		{EC6618E0-E53B-4D6C-A42B-4466BAB42577}.Linux|x86.ActiveCfg = Linux|Win32
		{EC6618E0-E53B-4D6C-A42B-4466BAB42577}.Linux|x86.Build.0 = Linux|Win32
		{EC6618E0-E53B-4D6C-A42B-4466BAB42577}.Release|Any CPU.ActiveCfg = Release|Win32
		{EC6618E0-E53B-4D6C-A42B-4466BAB42577}.Release|ARM.ActiveCfg = Release|Win32
		{EC6618E0-E53B-4D6C-A42B-4466BAB42577}.Release|ARM64.ActiveCfg = Release|Win32
		{EC6618E0-E53B-4D6C-A42B-4466BAB42577}.Release|x64.ActiveCfg = Release|x64
		{EC6618E0-E53B-4D6C-A42B-4466BAB42577}.Release|x64.Build.0 = Release|x64
		{EC6618E0-E53B-4D6C-A42B-4466BAB42577}.Release|x86.ActiveCfg = Release|Win32
		{EC6618E0-E53B-4D6C-A42B-4466BAB42577}.Release|x86.Build.0 = Release|Win32
		{0BF88245-C3FB-4EEB-A412-C03A467CB53D}.CLR|Any CPU.ActiveCfg = Debug|Any CPU
		{0BF88245-C3FB-4EEB-A412-C03A467CB53D}.CLR|Any CPU.Build.0 = Debug|Any CPU
		{0BF88245-C3FB-4EEB-A412-C03A467CB53D}.CLR|ARM.ActiveCfg = Linux|Any CPU
		{0BF88245-C3FB-4EEB-A412-C03A467CB53D}.CLR|ARM.Build.0 = Linux|Any CPU
		{0BF88245-C3FB-4EEB-A412-C03A467CB53D}.CLR|ARM64.ActiveCfg = Linux|Any CPU
		{0BF88245-C3FB-4EEB-A412-C03A467CB53D}.CLR|ARM64.Build.0 = Linux|Any CPU
		{0BF88245-C3FB-4EEB-A412-C03A467CB53D}.CLR|x64.ActiveCfg = Debug|Any CPU
		{0BF88245-C3FB-4EEB-A412-C03A467CB53D}.CLR|x64.Build.0 = Debug|Any CPU
		{0BF88245-C3FB-4EEB-A412-C03A467CB53D}.CLR|x86.ActiveCfg = Debug|Any CPU
		{0BF88245-C3FB-4EEB-A412-C03A467CB53D}.CLR|x86.Build.0 = Debug|Any CPU
		{0BF88245-C3FB-4EEB-A412-C03A467CB53D}.Debug|Any CPU.ActiveCfg = Debug|Any CPU
		{0BF88245-C3FB-4EEB-A412-C03A467CB53D}.Debug|Any CPU.Build.0 = Debug|Any CPU
		{0BF88245-C3FB-4EEB-A412-C03A467CB53D}.Debug|ARM.ActiveCfg = Debug|Any CPU
		{0BF88245-C3FB-4EEB-A412-C03A467CB53D}.Debug|ARM.Build.0 = Debug|Any CPU
		{0BF88245-C3FB-4EEB-A412-C03A467CB53D}.Debug|ARM64.ActiveCfg = Debug|Any CPU
		{0BF88245-C3FB-4EEB-A412-C03A467CB53D}.Debug|ARM64.Build.0 = Debug|Any CPU
		{0BF88245-C3FB-4EEB-A412-C03A467CB53D}.Debug|x64.ActiveCfg = Debug|Any CPU
		{0BF88245-C3FB-4EEB-A412-C03A467CB53D}.Debug|x64.Build.0 = Debug|Any CPU
		{0BF88245-C3FB-4EEB-A412-C03A467CB53D}.Debug|x86.ActiveCfg = Debug|Any CPU
		{0BF88245-C3FB-4EEB-A412-C03A467CB53D}.Debug|x86.Build.0 = Debug|Any CPU
		{0BF88245-C3FB-4EEB-A412-C03A467CB53D}.Linux|Any CPU.ActiveCfg = Linux|Any CPU
		{0BF88245-C3FB-4EEB-A412-C03A467CB53D}.Linux|Any CPU.Build.0 = Linux|Any CPU
		{0BF88245-C3FB-4EEB-A412-C03A467CB53D}.Linux|ARM.ActiveCfg = Linux|Any CPU
		{0BF88245-C3FB-4EEB-A412-C03A467CB53D}.Linux|ARM.Build.0 = Linux|Any CPU
		{0BF88245-C3FB-4EEB-A412-C03A467CB53D}.Linux|ARM64.ActiveCfg = Linux|Any CPU
		{0BF88245-C3FB-4EEB-A412-C03A467CB53D}.Linux|ARM64.Build.0 = Linux|Any CPU
		{0BF88245-C3FB-4EEB-A412-C03A467CB53D}.Linux|x64.ActiveCfg = Linux|Any CPU
		{0BF88245-C3FB-4EEB-A412-C03A467CB53D}.Linux|x64.Build.0 = Linux|Any CPU
		{0BF88245-C3FB-4EEB-A412-C03A467CB53D}.Linux|x86.ActiveCfg = Linux|Any CPU
		{0BF88245-C3FB-4EEB-A412-C03A467CB53D}.Linux|x86.Build.0 = Linux|Any CPU
		{0BF88245-C3FB-4EEB-A412-C03A467CB53D}.Release|Any CPU.ActiveCfg = Release|Any CPU
		{0BF88245-C3FB-4EEB-A412-C03A467CB53D}.Release|Any CPU.Build.0 = Release|Any CPU
		{0BF88245-C3FB-4EEB-A412-C03A467CB53D}.Release|ARM.ActiveCfg = Release|Any CPU
		{0BF88245-C3FB-4EEB-A412-C03A467CB53D}.Release|ARM.Build.0 = Release|Any CPU
		{0BF88245-C3FB-4EEB-A412-C03A467CB53D}.Release|ARM64.ActiveCfg = Release|Any CPU
		{0BF88245-C3FB-4EEB-A412-C03A467CB53D}.Release|ARM64.Build.0 = Release|Any CPU
		{0BF88245-C3FB-4EEB-A412-C03A467CB53D}.Release|x64.ActiveCfg = Release|Any CPU
		{0BF88245-C3FB-4EEB-A412-C03A467CB53D}.Release|x64.Build.0 = Release|Any CPU
		{0BF88245-C3FB-4EEB-A412-C03A467CB53D}.Release|x86.ActiveCfg = Release|Any CPU
		{0BF88245-C3FB-4EEB-A412-C03A467CB53D}.Release|x86.Build.0 = Release|Any CPU
		{CE29DB60-559A-4F83-AD32-BDFAC41F2110}.CLR|Any CPU.ActiveCfg = Release|x86
		{CE29DB60-559A-4F83-AD32-BDFAC41F2110}.CLR|Any CPU.Build.0 = Release|x86
		{CE29DB60-559A-4F83-AD32-BDFAC41F2110}.CLR|Any CPU.Deploy.0 = Release|x86
		{CE29DB60-559A-4F83-AD32-BDFAC41F2110}.CLR|ARM.ActiveCfg = Release|ARM
		{CE29DB60-559A-4F83-AD32-BDFAC41F2110}.CLR|ARM.Build.0 = Release|ARM
		{CE29DB60-559A-4F83-AD32-BDFAC41F2110}.CLR|ARM.Deploy.0 = Release|ARM
		{CE29DB60-559A-4F83-AD32-BDFAC41F2110}.CLR|ARM64.ActiveCfg = Release|ARM64
		{CE29DB60-559A-4F83-AD32-BDFAC41F2110}.CLR|ARM64.Build.0 = Release|ARM64
		{CE29DB60-559A-4F83-AD32-BDFAC41F2110}.CLR|ARM64.Deploy.0 = Release|ARM64
		{CE29DB60-559A-4F83-AD32-BDFAC41F2110}.CLR|x64.ActiveCfg = Release|x64
		{CE29DB60-559A-4F83-AD32-BDFAC41F2110}.CLR|x64.Build.0 = Release|x64
		{CE29DB60-559A-4F83-AD32-BDFAC41F2110}.CLR|x64.Deploy.0 = Release|x64
		{CE29DB60-559A-4F83-AD32-BDFAC41F2110}.CLR|x86.ActiveCfg = Release|x86
		{CE29DB60-559A-4F83-AD32-BDFAC41F2110}.CLR|x86.Build.0 = Release|x86
		{CE29DB60-559A-4F83-AD32-BDFAC41F2110}.CLR|x86.Deploy.0 = Release|x86
		{CE29DB60-559A-4F83-AD32-BDFAC41F2110}.Debug|Any CPU.ActiveCfg = Debug|x86
		{CE29DB60-559A-4F83-AD32-BDFAC41F2110}.Debug|ARM.ActiveCfg = Debug|ARM
		{CE29DB60-559A-4F83-AD32-BDFAC41F2110}.Debug|ARM.Build.0 = Debug|ARM
		{CE29DB60-559A-4F83-AD32-BDFAC41F2110}.Debug|ARM.Deploy.0 = Debug|ARM
		{CE29DB60-559A-4F83-AD32-BDFAC41F2110}.Debug|ARM64.ActiveCfg = Debug|ARM64
		{CE29DB60-559A-4F83-AD32-BDFAC41F2110}.Debug|ARM64.Build.0 = Debug|ARM64
		{CE29DB60-559A-4F83-AD32-BDFAC41F2110}.Debug|ARM64.Deploy.0 = Debug|ARM64
		{CE29DB60-559A-4F83-AD32-BDFAC41F2110}.Debug|x64.ActiveCfg = Debug|x64
		{CE29DB60-559A-4F83-AD32-BDFAC41F2110}.Debug|x64.Build.0 = Debug|x64
		{CE29DB60-559A-4F83-AD32-BDFAC41F2110}.Debug|x64.Deploy.0 = Debug|x64
		{CE29DB60-559A-4F83-AD32-BDFAC41F2110}.Debug|x86.ActiveCfg = Debug|x86
		{CE29DB60-559A-4F83-AD32-BDFAC41F2110}.Debug|x86.Build.0 = Debug|x86
		{CE29DB60-559A-4F83-AD32-BDFAC41F2110}.Debug|x86.Deploy.0 = Debug|x86
		{CE29DB60-559A-4F83-AD32-BDFAC41F2110}.Linux|Any CPU.ActiveCfg = Release|x86
		{CE29DB60-559A-4F83-AD32-BDFAC41F2110}.Linux|Any CPU.Build.0 = Release|x86
		{CE29DB60-559A-4F83-AD32-BDFAC41F2110}.Linux|Any CPU.Deploy.0 = Release|x86
		{CE29DB60-559A-4F83-AD32-BDFAC41F2110}.Linux|ARM.ActiveCfg = Release|ARM
		{CE29DB60-559A-4F83-AD32-BDFAC41F2110}.Linux|ARM.Build.0 = Release|ARM
		{CE29DB60-559A-4F83-AD32-BDFAC41F2110}.Linux|ARM.Deploy.0 = Release|ARM
		{CE29DB60-559A-4F83-AD32-BDFAC41F2110}.Linux|ARM64.ActiveCfg = Release|ARM64
		{CE29DB60-559A-4F83-AD32-BDFAC41F2110}.Linux|ARM64.Build.0 = Release|ARM64
		{CE29DB60-559A-4F83-AD32-BDFAC41F2110}.Linux|ARM64.Deploy.0 = Release|ARM64
		{CE29DB60-559A-4F83-AD32-BDFAC41F2110}.Linux|x64.ActiveCfg = Release|x64
		{CE29DB60-559A-4F83-AD32-BDFAC41F2110}.Linux|x64.Build.0 = Release|x64
		{CE29DB60-559A-4F83-AD32-BDFAC41F2110}.Linux|x64.Deploy.0 = Release|x64
		{CE29DB60-559A-4F83-AD32-BDFAC41F2110}.Linux|x86.ActiveCfg = Release|x86
		{CE29DB60-559A-4F83-AD32-BDFAC41F2110}.Linux|x86.Build.0 = Release|x86
		{CE29DB60-559A-4F83-AD32-BDFAC41F2110}.Linux|x86.Deploy.0 = Release|x86
		{CE29DB60-559A-4F83-AD32-BDFAC41F2110}.Release|Any CPU.ActiveCfg = Release|x86
		{CE29DB60-559A-4F83-AD32-BDFAC41F2110}.Release|ARM.ActiveCfg = Release|ARM
		{CE29DB60-559A-4F83-AD32-BDFAC41F2110}.Release|ARM.Build.0 = Release|ARM
		{CE29DB60-559A-4F83-AD32-BDFAC41F2110}.Release|ARM.Deploy.0 = Release|ARM
		{CE29DB60-559A-4F83-AD32-BDFAC41F2110}.Release|ARM64.ActiveCfg = Release|ARM64
		{CE29DB60-559A-4F83-AD32-BDFAC41F2110}.Release|ARM64.Build.0 = Release|ARM64
		{CE29DB60-559A-4F83-AD32-BDFAC41F2110}.Release|ARM64.Deploy.0 = Release|ARM64
		{CE29DB60-559A-4F83-AD32-BDFAC41F2110}.Release|x64.ActiveCfg = Release|x64
		{CE29DB60-559A-4F83-AD32-BDFAC41F2110}.Release|x64.Build.0 = Release|x64
		{CE29DB60-559A-4F83-AD32-BDFAC41F2110}.Release|x64.Deploy.0 = Release|x64
		{CE29DB60-559A-4F83-AD32-BDFAC41F2110}.Release|x86.ActiveCfg = Release|x86
		{CE29DB60-559A-4F83-AD32-BDFAC41F2110}.Release|x86.Build.0 = Release|x86
		{CE29DB60-559A-4F83-AD32-BDFAC41F2110}.Release|x86.Deploy.0 = Release|x86
	EndGlobalSection
	GlobalSection(SolutionProperties) = preSolution
		HideSolutionNode = FALSE
	EndGlobalSection
	GlobalSection(ExtensibilityGlobals) = postSolution
		SolutionGuid = {00CE2FEE-30BC-41AA-92A1-A2E8E71CC417}
	EndGlobalSection
EndGlobal
